// !$*UTF8*$!
{
	archiveVersion = 1;
	classes = {
	};
	objectVersion = 56;
	objects = {

/* Begin PBXBuildFile section */
		1C1318042AD75008006F14F5 /* DemoCodeFactory.swift in Sources */ = {isa = PBXBuildFile; fileRef = 1C1317F82AD75008006F14F5 /* DemoCodeFactory.swift */; };
		1C1318052AD75008006F14F5 /* VaultApp.swift in Sources */ = {isa = PBXBuildFile; fileRef = 1C1317F92AD75008006F14F5 /* VaultApp.swift */; };
		1C1318062AD75008006F14F5 /* CodeAddView.swift in Sources */ = {isa = PBXBuildFile; fileRef = 1C1317FA2AD75008006F14F5 /* CodeAddView.swift */; };
		1C1318072AD75008006F14F5 /* Assets.xcassets in Resources */ = {isa = PBXBuildFile; fileRef = 1C1317FB2AD75008006F14F5 /* Assets.xcassets */; };
		1C1318082AD75008006F14F5 /* VaultListView.swift in Sources */ = {isa = PBXBuildFile; fileRef = 1C1317FC2AD75008006F14F5 /* VaultListView.swift */; };
		1C1318092AD75008006F14F5 /* Preview Assets.xcassets in Resources */ = {isa = PBXBuildFile; fileRef = 1C1317FE2AD75008006F14F5 /* Preview Assets.xcassets */; };
		1C13180A2AD75008006F14F5 /* VaultDetailView.swift in Sources */ = {isa = PBXBuildFile; fileRef = 1C1317FF2AD75008006F14F5 /* VaultDetailView.swift */; };
		1C13180B2AD75008006F14F5 /* VaultSettingsView.swift in Sources */ = {isa = PBXBuildFile; fileRef = 1C1318002AD75008006F14F5 /* VaultSettingsView.swift */; };
		1C13180E2AD7500F006F14F5 /* CodeManagerTests.swift in Sources */ = {isa = PBXBuildFile; fileRef = 1C1318032AD75008006F14F5 /* CodeManagerTests.swift */; };
		1C36CB9D2AD751CC00AC3BF7 /* VaultFeediOS in Frameworks */ = {isa = PBXBuildFile; productRef = 1C36CB9C2AD751CC00AC3BF7 /* VaultFeediOS */; };
/* End PBXBuildFile section */

/* Begin PBXContainerItemProxy section */
		1CDA9CA22A057A8C00555E7A /* PBXContainerItemProxy */ = {
			isa = PBXContainerItemProxy;
			containerPortal = 1CDA9C892A057A8B00555E7A /* Project object */;
			proxyType = 1;
			remoteGlobalIDString = 1CDA9C902A057A8B00555E7A;
			remoteInfo = CodeManager;
		};
/* End PBXContainerItemProxy section */

/* Begin PBXFileReference section */
		1C1317F82AD75008006F14F5 /* DemoCodeFactory.swift */ = {isa = PBXFileReference; fileEncoding = 4; lastKnownFileType = sourcecode.swift; path = DemoCodeFactory.swift; sourceTree = "<group>"; };
		1C1317F92AD75008006F14F5 /* VaultApp.swift */ = {isa = PBXFileReference; fileEncoding = 4; lastKnownFileType = sourcecode.swift; path = VaultApp.swift; sourceTree = "<group>"; };
		1C1317FA2AD75008006F14F5 /* CodeAddView.swift */ = {isa = PBXFileReference; fileEncoding = 4; lastKnownFileType = sourcecode.swift; path = CodeAddView.swift; sourceTree = "<group>"; };
		1C1317FB2AD75008006F14F5 /* Assets.xcassets */ = {isa = PBXFileReference; lastKnownFileType = folder.assetcatalog; path = Assets.xcassets; sourceTree = "<group>"; };
		1C1317FC2AD75008006F14F5 /* VaultListView.swift */ = {isa = PBXFileReference; fileEncoding = 4; lastKnownFileType = sourcecode.swift; path = VaultListView.swift; sourceTree = "<group>"; };
		1C1317FE2AD75008006F14F5 /* Preview Assets.xcassets */ = {isa = PBXFileReference; lastKnownFileType = folder.assetcatalog; path = "Preview Assets.xcassets"; sourceTree = "<group>"; };
		1C1317FF2AD75008006F14F5 /* VaultDetailView.swift */ = {isa = PBXFileReference; fileEncoding = 4; lastKnownFileType = sourcecode.swift; path = VaultDetailView.swift; sourceTree = "<group>"; };
		1C1318002AD75008006F14F5 /* VaultSettingsView.swift */ = {isa = PBXFileReference; fileEncoding = 4; lastKnownFileType = sourcecode.swift; path = VaultSettingsView.swift; sourceTree = "<group>"; };
		1C1318012AD75008006F14F5 /* Info.plist */ = {isa = PBXFileReference; fileEncoding = 4; lastKnownFileType = text.plist.xml; path = Info.plist; sourceTree = "<group>"; };
		1C1318032AD75008006F14F5 /* CodeManagerTests.swift */ = {isa = PBXFileReference; fileEncoding = 4; lastKnownFileType = sourcecode.swift; path = CodeManagerTests.swift; sourceTree = "<group>"; };
		1CA95CB42ADF27BA00012434 /* .swiftformat */ = {isa = PBXFileReference; lastKnownFileType = text; name = .swiftformat; path = ../.swiftformat; sourceTree = "<group>"; };
		1CDA9C912A057A8B00555E7A /* Vault.app */ = {isa = PBXFileReference; explicitFileType = wrapper.application; includeInIndex = 0; path = Vault.app; sourceTree = BUILT_PRODUCTS_DIR; };
		1CDA9CA12A057A8C00555E7A /* VaultTests.xctest */ = {isa = PBXFileReference; explicitFileType = wrapper.cfbundle; includeInIndex = 0; path = VaultTests.xctest; sourceTree = BUILT_PRODUCTS_DIR; };
/* End PBXFileReference section */

/* Begin PBXFrameworksBuildPhase section */
		1CDA9C8E2A057A8B00555E7A /* Frameworks */ = {
			isa = PBXFrameworksBuildPhase;
			buildActionMask = 2147483647;
			files = (
				1C36CB9D2AD751CC00AC3BF7 /* VaultFeediOS in Frameworks */,
			);
			runOnlyForDeploymentPostprocessing = 0;
		};
		1CDA9C9E2A057A8C00555E7A /* Frameworks */ = {
			isa = PBXFrameworksBuildPhase;
			buildActionMask = 2147483647;
			files = (
			);
			runOnlyForDeploymentPostprocessing = 0;
		};
/* End PBXFrameworksBuildPhase section */

/* Begin PBXGroup section */
		1C1317F62AD75008006F14F5 /* Vault */ = {
			isa = PBXGroup;
			children = (
				1C1317F72AD75008006F14F5 /* Mocks */,
				1C1317F92AD75008006F14F5 /* VaultApp.swift */,
				1C1317FA2AD75008006F14F5 /* CodeAddView.swift */,
				1C1317FB2AD75008006F14F5 /* Assets.xcassets */,
				1C1317FC2AD75008006F14F5 /* VaultListView.swift */,
				1C1317FD2AD75008006F14F5 /* Preview Content */,
				1C1317FF2AD75008006F14F5 /* VaultDetailView.swift */,
				1C1318002AD75008006F14F5 /* VaultSettingsView.swift */,
				1C1318012AD75008006F14F5 /* Info.plist */,
			);
			path = Vault;
			sourceTree = "<group>";
		};
		1C1317F72AD75008006F14F5 /* Mocks */ = {
			isa = PBXGroup;
			children = (
				1C1317F82AD75008006F14F5 /* DemoCodeFactory.swift */,
			);
			path = Mocks;
			sourceTree = "<group>";
		};
		1C1317FD2AD75008006F14F5 /* Preview Content */ = {
			isa = PBXGroup;
			children = (
				1C1317FE2AD75008006F14F5 /* Preview Assets.xcassets */,
			);
			path = "Preview Content";
			sourceTree = "<group>";
		};
		1C1318022AD75008006F14F5 /* VaultTests */ = {
			isa = PBXGroup;
			children = (
				1C1318032AD75008006F14F5 /* CodeManagerTests.swift */,
			);
			path = VaultTests;
			sourceTree = "<group>";
		};
		1CDA9C882A057A8B00555E7A = {
			isa = PBXGroup;
			children = (
				1CA95CB42ADF27BA00012434 /* .swiftformat */,
				1C1317F62AD75008006F14F5 /* Vault */,
				1C1318022AD75008006F14F5 /* VaultTests */,
				1CDA9C922A057A8B00555E7A /* Products */,
				1CDA9CC12A057ADC00555E7A /* Frameworks */,
			);
			sourceTree = "<group>";
		};
		1CDA9C922A057A8B00555E7A /* Products */ = {
			isa = PBXGroup;
			children = (
				1CDA9C912A057A8B00555E7A /* Vault.app */,
				1CDA9CA12A057A8C00555E7A /* VaultTests.xctest */,
			);
			name = Products;
			sourceTree = "<group>";
		};
		1CDA9CC12A057ADC00555E7A /* Frameworks */ = {
			isa = PBXGroup;
			children = (
			);
			name = Frameworks;
			sourceTree = "<group>";
		};
/* End PBXGroup section */

/* Begin PBXNativeTarget section */
		1CDA9C902A057A8B00555E7A /* Vault */ = {
			isa = PBXNativeTarget;
			buildConfigurationList = 1CDA9CB52A057A8C00555E7A /* Build configuration list for PBXNativeTarget "Vault" */;
			buildPhases = (
				1CDA9C8D2A057A8B00555E7A /* Sources */,
				1CDA9C8E2A057A8B00555E7A /* Frameworks */,
				1CDA9C8F2A057A8B00555E7A /* Resources */,
			);
			buildRules = (
			);
			dependencies = (
			);
			name = Vault;
			packageProductDependencies = (
				1C36CB9C2AD751CC00AC3BF7 /* VaultFeediOS */,
			);
			productName = CodeManager;
			productReference = 1CDA9C912A057A8B00555E7A /* Vault.app */;
			productType = "com.apple.product-type.application";
		};
		1CDA9CA02A057A8C00555E7A /* VaultTests */ = {
			isa = PBXNativeTarget;
			buildConfigurationList = 1CDA9CB82A057A8C00555E7A /* Build configuration list for PBXNativeTarget "VaultTests" */;
			buildPhases = (
				1CDA9C9D2A057A8C00555E7A /* Sources */,
				1CDA9C9E2A057A8C00555E7A /* Frameworks */,
				1CDA9C9F2A057A8C00555E7A /* Resources */,
			);
			buildRules = (
			);
			dependencies = (
				1CDA9CA32A057A8C00555E7A /* PBXTargetDependency */,
			);
			name = VaultTests;
			productName = CodeManagerTests;
			productReference = 1CDA9CA12A057A8C00555E7A /* VaultTests.xctest */;
			productType = "com.apple.product-type.bundle.unit-test";
		};
/* End PBXNativeTarget section */

/* Begin PBXProject section */
		1CDA9C892A057A8B00555E7A /* Project object */ = {
			isa = PBXProject;
			attributes = {
				BuildIndependentTargetsInParallel = 1;
				LastSwiftUpdateCheck = 1430;
				LastUpgradeCheck = 1500;
				TargetAttributes = {
					1CDA9C902A057A8B00555E7A = {
						CreatedOnToolsVersion = 14.3;
					};
					1CDA9CA02A057A8C00555E7A = {
						CreatedOnToolsVersion = 14.3;
						TestTargetID = 1CDA9C902A057A8B00555E7A;
					};
				};
			};
			buildConfigurationList = 1CDA9C8C2A057A8B00555E7A /* Build configuration list for PBXProject "Vault" */;
			compatibilityVersion = "Xcode 14.0";
			developmentRegion = en;
			hasScannedForEncodings = 0;
			knownRegions = (
				en,
				Base,
			);
			mainGroup = 1CDA9C882A057A8B00555E7A;
			productRefGroup = 1CDA9C922A057A8B00555E7A /* Products */;
			projectDirPath = "";
			projectRoot = "";
			targets = (
				1CDA9C902A057A8B00555E7A /* Vault */,
				1CDA9CA02A057A8C00555E7A /* VaultTests */,
			);
		};
/* End PBXProject section */

/* Begin PBXResourcesBuildPhase section */
		1CDA9C8F2A057A8B00555E7A /* Resources */ = {
			isa = PBXResourcesBuildPhase;
			buildActionMask = 2147483647;
			files = (
				1C1318092AD75008006F14F5 /* Preview Assets.xcassets in Resources */,
				1C1318072AD75008006F14F5 /* Assets.xcassets in Resources */,
			);
			runOnlyForDeploymentPostprocessing = 0;
		};
		1CDA9C9F2A057A8C00555E7A /* Resources */ = {
			isa = PBXResourcesBuildPhase;
			buildActionMask = 2147483647;
			files = (
			);
			runOnlyForDeploymentPostprocessing = 0;
		};
/* End PBXResourcesBuildPhase section */

/* Begin PBXSourcesBuildPhase section */
		1CDA9C8D2A057A8B00555E7A /* Sources */ = {
			isa = PBXSourcesBuildPhase;
			buildActionMask = 2147483647;
			files = (
				1C1318052AD75008006F14F5 /* VaultApp.swift in Sources */,
				1C1318042AD75008006F14F5 /* DemoCodeFactory.swift in Sources */,
				1C13180B2AD75008006F14F5 /* VaultSettingsView.swift in Sources */,
				1C1318062AD75008006F14F5 /* CodeAddView.swift in Sources */,
				1C13180A2AD75008006F14F5 /* VaultDetailView.swift in Sources */,
				1C1318082AD75008006F14F5 /* VaultListView.swift in Sources */,
			);
			runOnlyForDeploymentPostprocessing = 0;
		};
		1CDA9C9D2A057A8C00555E7A /* Sources */ = {
			isa = PBXSourcesBuildPhase;
			buildActionMask = 2147483647;
			files = (
				1C13180E2AD7500F006F14F5 /* CodeManagerTests.swift in Sources */,
			);
			runOnlyForDeploymentPostprocessing = 0;
		};
/* End PBXSourcesBuildPhase section */

/* Begin PBXTargetDependency section */
		1CDA9CA32A057A8C00555E7A /* PBXTargetDependency */ = {
			isa = PBXTargetDependency;
			target = 1CDA9C902A057A8B00555E7A /* Vault */;
			targetProxy = 1CDA9CA22A057A8C00555E7A /* PBXContainerItemProxy */;
		};
/* End PBXTargetDependency section */

/* Begin XCBuildConfiguration section */
		1CDA9CB32A057A8C00555E7A /* Debug */ = {
			isa = XCBuildConfiguration;
			buildSettings = {
				ALWAYS_SEARCH_USER_PATHS = NO;
				ASSETCATALOG_COMPILER_GENERATE_SWIFT_ASSET_SYMBOL_EXTENSIONS = YES;
				CLANG_ANALYZER_NONNULL = YES;
				CLANG_ANALYZER_NUMBER_OBJECT_CONVERSION = YES_AGGRESSIVE;
				CLANG_CXX_LANGUAGE_STANDARD = "gnu++20";
				CLANG_ENABLE_MODULES = YES;
				CLANG_ENABLE_OBJC_ARC = YES;
				CLANG_ENABLE_OBJC_WEAK = YES;
				CLANG_WARN_BLOCK_CAPTURE_AUTORELEASING = YES;
				CLANG_WARN_BOOL_CONVERSION = YES;
				CLANG_WARN_COMMA = YES;
				CLANG_WARN_CONSTANT_CONVERSION = YES;
				CLANG_WARN_DEPRECATED_OBJC_IMPLEMENTATIONS = YES;
				CLANG_WARN_DIRECT_OBJC_ISA_USAGE = YES_ERROR;
				CLANG_WARN_DOCUMENTATION_COMMENTS = YES;
				CLANG_WARN_EMPTY_BODY = YES;
				CLANG_WARN_ENUM_CONVERSION = YES;
				CLANG_WARN_INFINITE_RECURSION = YES;
				CLANG_WARN_INT_CONVERSION = YES;
				CLANG_WARN_NON_LITERAL_NULL_CONVERSION = YES;
				CLANG_WARN_OBJC_IMPLICIT_RETAIN_SELF = YES;
				CLANG_WARN_OBJC_LITERAL_CONVERSION = YES;
				CLANG_WARN_OBJC_ROOT_CLASS = YES_ERROR;
				CLANG_WARN_QUOTED_INCLUDE_IN_FRAMEWORK_HEADER = YES;
				CLANG_WARN_RANGE_LOOP_ANALYSIS = YES;
				CLANG_WARN_STRICT_PROTOTYPES = YES;
				CLANG_WARN_SUSPICIOUS_MOVE = YES;
				CLANG_WARN_UNGUARDED_AVAILABILITY = YES_AGGRESSIVE;
				CLANG_WARN_UNREACHABLE_CODE = YES;
				CLANG_WARN__DUPLICATE_METHOD_MATCH = YES;
				COPY_PHASE_STRIP = NO;
				DEBUG_INFORMATION_FORMAT = dwarf;
				ENABLE_STRICT_OBJC_MSGSEND = YES;
				ENABLE_TESTABILITY = YES;
				ENABLE_USER_SCRIPT_SANDBOXING = YES;
				GCC_C_LANGUAGE_STANDARD = gnu11;
				GCC_DYNAMIC_NO_PIC = NO;
				GCC_NO_COMMON_BLOCKS = YES;
				GCC_OPTIMIZATION_LEVEL = 0;
				GCC_PREPROCESSOR_DEFINITIONS = (
					"DEBUG=1",
					"$(inherited)",
				);
				GCC_WARN_64_TO_32_BIT_CONVERSION = YES;
				GCC_WARN_ABOUT_RETURN_TYPE = YES_ERROR;
				GCC_WARN_UNDECLARED_SELECTOR = YES;
				GCC_WARN_UNINITIALIZED_AUTOS = YES_AGGRESSIVE;
				GCC_WARN_UNUSED_FUNCTION = YES;
				GCC_WARN_UNUSED_VARIABLE = YES;
				IPHONEOS_DEPLOYMENT_TARGET = 17.0;
				MTL_ENABLE_DEBUG_INFO = INCLUDE_SOURCE;
				MTL_FAST_MATH = YES;
				ONLY_ACTIVE_ARCH = YES;
				SDKROOT = iphoneos;
				SWIFT_ACTIVE_COMPILATION_CONDITIONS = DEBUG;
				SWIFT_OPTIMIZATION_LEVEL = "-Onone";
			};
			name = Debug;
		};
		1CDA9CB42A057A8C00555E7A /* Release */ = {
			isa = XCBuildConfiguration;
			buildSettings = {
				ALWAYS_SEARCH_USER_PATHS = NO;
				ASSETCATALOG_COMPILER_GENERATE_SWIFT_ASSET_SYMBOL_EXTENSIONS = YES;
				CLANG_ANALYZER_NONNULL = YES;
				CLANG_ANALYZER_NUMBER_OBJECT_CONVERSION = YES_AGGRESSIVE;
				CLANG_CXX_LANGUAGE_STANDARD = "gnu++20";
				CLANG_ENABLE_MODULES = YES;
				CLANG_ENABLE_OBJC_ARC = YES;
				CLANG_ENABLE_OBJC_WEAK = YES;
				CLANG_WARN_BLOCK_CAPTURE_AUTORELEASING = YES;
				CLANG_WARN_BOOL_CONVERSION = YES;
				CLANG_WARN_COMMA = YES;
				CLANG_WARN_CONSTANT_CONVERSION = YES;
				CLANG_WARN_DEPRECATED_OBJC_IMPLEMENTATIONS = YES;
				CLANG_WARN_DIRECT_OBJC_ISA_USAGE = YES_ERROR;
				CLANG_WARN_DOCUMENTATION_COMMENTS = YES;
				CLANG_WARN_EMPTY_BODY = YES;
				CLANG_WARN_ENUM_CONVERSION = YES;
				CLANG_WARN_INFINITE_RECURSION = YES;
				CLANG_WARN_INT_CONVERSION = YES;
				CLANG_WARN_NON_LITERAL_NULL_CONVERSION = YES;
				CLANG_WARN_OBJC_IMPLICIT_RETAIN_SELF = YES;
				CLANG_WARN_OBJC_LITERAL_CONVERSION = YES;
				CLANG_WARN_OBJC_ROOT_CLASS = YES_ERROR;
				CLANG_WARN_QUOTED_INCLUDE_IN_FRAMEWORK_HEADER = YES;
				CLANG_WARN_RANGE_LOOP_ANALYSIS = YES;
				CLANG_WARN_STRICT_PROTOTYPES = YES;
				CLANG_WARN_SUSPICIOUS_MOVE = YES;
				CLANG_WARN_UNGUARDED_AVAILABILITY = YES_AGGRESSIVE;
				CLANG_WARN_UNREACHABLE_CODE = YES;
				CLANG_WARN__DUPLICATE_METHOD_MATCH = YES;
				COPY_PHASE_STRIP = NO;
				DEBUG_INFORMATION_FORMAT = "dwarf-with-dsym";
				ENABLE_NS_ASSERTIONS = NO;
				ENABLE_STRICT_OBJC_MSGSEND = YES;
				ENABLE_USER_SCRIPT_SANDBOXING = YES;
				GCC_C_LANGUAGE_STANDARD = gnu11;
				GCC_NO_COMMON_BLOCKS = YES;
				GCC_WARN_64_TO_32_BIT_CONVERSION = YES;
				GCC_WARN_ABOUT_RETURN_TYPE = YES_ERROR;
				GCC_WARN_UNDECLARED_SELECTOR = YES;
				GCC_WARN_UNINITIALIZED_AUTOS = YES_AGGRESSIVE;
				GCC_WARN_UNUSED_FUNCTION = YES;
				GCC_WARN_UNUSED_VARIABLE = YES;
				IPHONEOS_DEPLOYMENT_TARGET = 17.0;
				MTL_ENABLE_DEBUG_INFO = NO;
				MTL_FAST_MATH = YES;
				SDKROOT = iphoneos;
				SWIFT_COMPILATION_MODE = wholemodule;
				SWIFT_OPTIMIZATION_LEVEL = "-O";
				VALIDATE_PRODUCT = YES;
			};
			name = Release;
		};
		1CDA9CB62A057A8C00555E7A /* Debug */ = {
			isa = XCBuildConfiguration;
			buildSettings = {
				ASSETCATALOG_COMPILER_APPICON_NAME = AppIcon;
				ASSETCATALOG_COMPILER_GLOBAL_ACCENT_COLOR_NAME = AccentColor;
				CODE_SIGN_STYLE = Automatic;
				CURRENT_PROJECT_VERSION = 1;
				DEVELOPMENT_ASSET_PATHS = "Vault/Preview\\ Content";
				DEVELOPMENT_TEAM = U2GCDMVV7S;
				ENABLE_PREVIEWS = YES;
				GENERATE_INFOPLIST_FILE = YES;
				INFOPLIST_FILE = Vault/Info.plist;
				INFOPLIST_KEY_CFBundleDisplayName = Vault;
				INFOPLIST_KEY_UIApplicationSceneManifest_Generation = YES;
				INFOPLIST_KEY_UIApplicationSupportsIndirectInputEvents = YES;
				INFOPLIST_KEY_UILaunchScreen_Generation = YES;
				INFOPLIST_KEY_UISupportedInterfaceOrientations_iPad = "UIInterfaceOrientationPortrait UIInterfaceOrientationPortraitUpsideDown UIInterfaceOrientationLandscapeLeft UIInterfaceOrientationLandscapeRight";
				INFOPLIST_KEY_UISupportedInterfaceOrientations_iPhone = "UIInterfaceOrientationPortrait UIInterfaceOrientationLandscapeLeft UIInterfaceOrientationLandscapeRight";
				IPHONEOS_DEPLOYMENT_TARGET = 17.0;
				LD_RUNPATH_SEARCH_PATHS = (
					"$(inherited)",
					"@executable_path/Frameworks",
				);
				MARKETING_VERSION = 1.0;
				PRODUCT_BUNDLE_IDENTIFIER = dev.mcky.vault;
				PRODUCT_NAME = "$(TARGET_NAME)";
				SWIFT_EMIT_LOC_STRINGS = YES;
				SWIFT_VERSION = 5.0;
				TARGETED_DEVICE_FAMILY = "1,2";
			};
			name = Debug;
		};
		1CDA9CB72A057A8C00555E7A /* Release */ = {
			isa = XCBuildConfiguration;
			buildSettings = {
				ASSETCATALOG_COMPILER_APPICON_NAME = AppIcon;
				ASSETCATALOG_COMPILER_GLOBAL_ACCENT_COLOR_NAME = AccentColor;
				CODE_SIGN_STYLE = Automatic;
				CURRENT_PROJECT_VERSION = 1;
				DEVELOPMENT_ASSET_PATHS = "Vault/Preview\\ Content";
				DEVELOPMENT_TEAM = U2GCDMVV7S;
				ENABLE_PREVIEWS = YES;
				GENERATE_INFOPLIST_FILE = YES;
				INFOPLIST_FILE = Vault/Info.plist;
				INFOPLIST_KEY_CFBundleDisplayName = Vault;
				INFOPLIST_KEY_UIApplicationSceneManifest_Generation = YES;
				INFOPLIST_KEY_UIApplicationSupportsIndirectInputEvents = YES;
				INFOPLIST_KEY_UILaunchScreen_Generation = YES;
				INFOPLIST_KEY_UISupportedInterfaceOrientations_iPad = "UIInterfaceOrientationPortrait UIInterfaceOrientationPortraitUpsideDown UIInterfaceOrientationLandscapeLeft UIInterfaceOrientationLandscapeRight";
				INFOPLIST_KEY_UISupportedInterfaceOrientations_iPhone = "UIInterfaceOrientationPortrait UIInterfaceOrientationLandscapeLeft UIInterfaceOrientationLandscapeRight";
				IPHONEOS_DEPLOYMENT_TARGET = 17.0;
				LD_RUNPATH_SEARCH_PATHS = (
					"$(inherited)",
					"@executable_path/Frameworks",
				);
				MARKETING_VERSION = 1.0;
				PRODUCT_BUNDLE_IDENTIFIER = dev.mcky.vault;
				PRODUCT_NAME = "$(TARGET_NAME)";
				SWIFT_EMIT_LOC_STRINGS = YES;
				SWIFT_VERSION = 5.0;
				TARGETED_DEVICE_FAMILY = "1,2";
			};
			name = Release;
		};
		1CDA9CB92A057A8C00555E7A /* Debug */ = {
			isa = XCBuildConfiguration;
			buildSettings = {
				ALWAYS_EMBED_SWIFT_STANDARD_LIBRARIES = YES;
				BUNDLE_LOADER = "$(TEST_HOST)";
				CODE_SIGN_STYLE = Automatic;
				CURRENT_PROJECT_VERSION = 1;
				DEVELOPMENT_TEAM = U2GCDMVV7S;
				GENERATE_INFOPLIST_FILE = YES;
				IPHONEOS_DEPLOYMENT_TARGET = 17.0;
				MARKETING_VERSION = 1.0;
				PRODUCT_BUNDLE_IDENTIFIER = com.bradleymackey.CodeManagerTests;
				PRODUCT_NAME = "$(TARGET_NAME)";
				SWIFT_EMIT_LOC_STRINGS = NO;
				SWIFT_VERSION = 5.0;
				TARGETED_DEVICE_FAMILY = "1,2";
				TEST_HOST = "$(BUILT_PRODUCTS_DIR)/Vault.app/$(BUNDLE_EXECUTABLE_FOLDER_PATH)/Vault";
			};
			name = Debug;
		};
		1CDA9CBA2A057A8C00555E7A /* Release */ = {
			isa = XCBuildConfiguration;
			buildSettings = {
				ALWAYS_EMBED_SWIFT_STANDARD_LIBRARIES = YES;
				BUNDLE_LOADER = "$(TEST_HOST)";
				CODE_SIGN_STYLE = Automatic;
				CURRENT_PROJECT_VERSION = 1;
				DEVELOPMENT_TEAM = U2GCDMVV7S;
				GENERATE_INFOPLIST_FILE = YES;
				IPHONEOS_DEPLOYMENT_TARGET = 17.0;
				MARKETING_VERSION = 1.0;
				PRODUCT_BUNDLE_IDENTIFIER = com.bradleymackey.CodeManagerTests;
				PRODUCT_NAME = "$(TARGET_NAME)";
				SWIFT_EMIT_LOC_STRINGS = NO;
				SWIFT_VERSION = 5.0;
				TARGETED_DEVICE_FAMILY = "1,2";
				TEST_HOST = "$(BUILT_PRODUCTS_DIR)/Vault.app/$(BUNDLE_EXECUTABLE_FOLDER_PATH)/Vault";
			};
			name = Release;
		};
/* End XCBuildConfiguration section */

/* Begin XCConfigurationList section */
		1CDA9C8C2A057A8B00555E7A /* Build configuration list for PBXProject "Vault" */ = {
			isa = XCConfigurationList;
			buildConfigurations = (
				1CDA9CB32A057A8C00555E7A /* Debug */,
				1CDA9CB42A057A8C00555E7A /* Release */,
			);
			defaultConfigurationIsVisible = 0;
			defaultConfigurationName = Release;
		};
		1CDA9CB52A057A8C00555E7A /* Build configuration list for PBXNativeTarget "Vault" */ = {
			isa = XCConfigurationList;
			buildConfigurations = (
				1CDA9CB62A057A8C00555E7A /* Debug */,
				1CDA9CB72A057A8C00555E7A /* Release */,
			);
			defaultConfigurationIsVisible = 0;
			defaultConfigurationName = Release;
		};
		1CDA9CB82A057A8C00555E7A /* Build configuration list for PBXNativeTarget "VaultTests" */ = {
			isa = XCConfigurationList;
			buildConfigurations = (
				1CDA9CB92A057A8C00555E7A /* Debug */,
				1CDA9CBA2A057A8C00555E7A /* Release */,
			);
			defaultConfigurationIsVisible = 0;
			defaultConfigurationName = Release;
		};
/* End XCConfigurationList section */

/* Begin XCSwiftPackageProductDependency section */
		1C36CB9C2AD751CC00AC3BF7 /* VaultFeediOS */ = {
			isa = XCSwiftPackageProductDependency;
			productName = VaultFeediOS;
		};
/* End XCSwiftPackageProductDependency section */
	};
	rootObject = 1CDA9C892A057A8B00555E7A /* Project object */;
}
