// !$*UTF8*$!
{
	archiveVersion = 1;
	classes = {
	};
	objectVersion = 70;
	objects = {

/* Begin PBXBuildFile section */
		1C1318072AD75008006F14F5 /* Assets.xcassets in Resources */ = {isa = PBXBuildFile; fileRef = 1C1317FB2AD75008006F14F5 /* Assets.xcassets */; };
		1C2856652ADFF39800DA4AA9 /* Preview Assets.xcassets in Resources */ = {isa = PBXBuildFile; fileRef = 1C1317FE2AD75008006F14F5 /* Preview Assets.xcassets */; };
		1C45B07C2ADFE8BE00197B32 /* VaultAppMain.swift in Sources */ = {isa = PBXBuildFile; fileRef = 1C45B07B2ADFE8BE00197B32 /* VaultAppMain.swift */; };
		1C58F2F32AE5764100962BAB /* VaultiOS in Frameworks */ = {isa = PBXBuildFile; productRef = 1C58F2F22AE5764100962BAB /* VaultiOS */; };
		1C8B89F52CD3759400F3D340 /* VaultiOSAutofill in Frameworks */ = {isa = PBXBuildFile; productRef = 1C8B89F42CD3759400F3D340 /* VaultiOSAutofill */; };
		1CBE0CCD2CD229FF000EA09D /* AuthenticationServices.framework in Frameworks */ = {isa = PBXBuildFile; fileRef = 1CBE0CCC2CD229FF000EA09D /* AuthenticationServices.framework */; };
		1CBE0CD82CD229FF000EA09D /* VaultAppAutofill.appex in Embed Foundation Extensions */ = {isa = PBXBuildFile; fileRef = 1CBE0CCB2CD229FF000EA09D /* VaultAppAutofill.appex */; settings = {ATTRIBUTES = (RemoveHeadersOnCopy, ); }; };
/* End PBXBuildFile section */

/* Begin PBXContainerItemProxy section */
		1CBE0CD62CD229FF000EA09D /* PBXContainerItemProxy */ = {
			isa = PBXContainerItemProxy;
			containerPortal = 1CDA9C892A057A8B00555E7A /* Project object */;
			proxyType = 1;
			remoteGlobalIDString = 1CBE0CCA2CD229FF000EA09D;
			remoteInfo = VaultAppAutofill;
		};
/* End PBXContainerItemProxy section */

/* Begin PBXCopyFilesBuildPhase section */
		1CBE0CD92CD229FF000EA09D /* Embed Foundation Extensions */ = {
			isa = PBXCopyFilesBuildPhase;
			buildActionMask = 2147483647;
			dstPath = "";
			dstSubfolderSpec = 13;
			files = (
				1CBE0CD82CD229FF000EA09D /* VaultAppAutofill.appex in Embed Foundation Extensions */,
			);
			name = "Embed Foundation Extensions";
			runOnlyForDeploymentPostprocessing = 0;
		};
/* End PBXCopyFilesBuildPhase section */

/* Begin PBXFileReference section */
		1C1317FB2AD75008006F14F5 /* Assets.xcassets */ = {isa = PBXFileReference; lastKnownFileType = folder.assetcatalog; path = Assets.xcassets; sourceTree = "<group>"; };
		1C1317FE2AD75008006F14F5 /* Preview Assets.xcassets */ = {isa = PBXFileReference; lastKnownFileType = folder.assetcatalog; path = "Preview Assets.xcassets"; sourceTree = "<group>"; };
		1C1318012AD75008006F14F5 /* Info.plist */ = {isa = PBXFileReference; fileEncoding = 4; lastKnownFileType = text.plist.xml; path = Info.plist; sourceTree = "<group>"; };
		1C45B07B2ADFE8BE00197B32 /* VaultAppMain.swift */ = {isa = PBXFileReference; lastKnownFileType = sourcecode.swift; path = VaultAppMain.swift; sourceTree = "<group>"; };
		1C648DFB2C0A884500163D41 /* VaultApp.entitlements */ = {isa = PBXFileReference; lastKnownFileType = text.plist.entitlements; path = VaultApp.entitlements; sourceTree = "<group>"; };
		1CBE0CCB2CD229FF000EA09D /* VaultAppAutofill.appex */ = {isa = PBXFileReference; explicitFileType = "wrapper.app-extension"; includeInIndex = 0; path = VaultAppAutofill.appex; sourceTree = BUILT_PRODUCTS_DIR; };
		1CBE0CCC2CD229FF000EA09D /* AuthenticationServices.framework */ = {isa = PBXFileReference; lastKnownFileType = wrapper.framework; name = AuthenticationServices.framework; path = System/Library/Frameworks/AuthenticationServices.framework; sourceTree = SDKROOT; };
		1CDA9C912A057A8B00555E7A /* VaultApp.app */ = {isa = PBXFileReference; explicitFileType = wrapper.application; includeInIndex = 0; path = VaultApp.app; sourceTree = BUILT_PRODUCTS_DIR; };
/* End PBXFileReference section */

/* Begin PBXFileSystemSynchronizedBuildFileExceptionSet section */
		1CBE0CDC2CD229FF000EA09D /* PBXFileSystemSynchronizedBuildFileExceptionSet */ = {
			isa = PBXFileSystemSynchronizedBuildFileExceptionSet;
			membershipExceptions = (
				Info.plist,
			);
			target = 1CBE0CCA2CD229FF000EA09D /* VaultAppAutofill */;
		};
/* End PBXFileSystemSynchronizedBuildFileExceptionSet section */

/* Begin PBXFileSystemSynchronizedRootGroup section */
		1CBE0CCE2CD229FF000EA09D /* VaultAppAutofill */ = {isa = PBXFileSystemSynchronizedRootGroup; exceptions = (1CBE0CDC2CD229FF000EA09D /* PBXFileSystemSynchronizedBuildFileExceptionSet */, ); explicitFileTypes = {}; explicitFolders = (); path = VaultAppAutofill; sourceTree = "<group>"; };
/* End PBXFileSystemSynchronizedRootGroup section */

/* Begin PBXFrameworksBuildPhase section */
		1CBE0CC82CD229FF000EA09D /* Frameworks */ = {
			isa = PBXFrameworksBuildPhase;
			buildActionMask = 2147483647;
			files = (
				1CBE0CCD2CD229FF000EA09D /* AuthenticationServices.framework in Frameworks */,
				1C8B89F52CD3759400F3D340 /* VaultiOSAutofill in Frameworks */,
			);
			runOnlyForDeploymentPostprocessing = 0;
		};
		1CDA9C8E2A057A8B00555E7A /* Frameworks */ = {
			isa = PBXFrameworksBuildPhase;
			buildActionMask = 2147483647;
			files = (
				1C58F2F32AE5764100962BAB /* VaultiOS in Frameworks */,
			);
			runOnlyForDeploymentPostprocessing = 0;
		};
/* End PBXFrameworksBuildPhase section */

/* Begin PBXGroup section */
		1C1317F62AD75008006F14F5 /* VaultApp */ = {
			isa = PBXGroup;
			children = (
				1C648DFB2C0A884500163D41 /* VaultApp.entitlements */,
				1C45B07B2ADFE8BE00197B32 /* VaultAppMain.swift */,
				1C1317FB2AD75008006F14F5 /* Assets.xcassets */,
				1C1317FD2AD75008006F14F5 /* Preview Content */,
				1C1318012AD75008006F14F5 /* Info.plist */,
			);
			path = VaultApp;
			sourceTree = "<group>";
		};
		1C1317FD2AD75008006F14F5 /* Preview Content */ = {
			isa = PBXGroup;
			children = (
				1C1317FE2AD75008006F14F5 /* Preview Assets.xcassets */,
			);
			path = "Preview Content";
			sourceTree = "<group>";
		};
		1CDA9C882A057A8B00555E7A = {
			isa = PBXGroup;
			children = (
				1C1317F62AD75008006F14F5 /* VaultApp */,
				1CBE0CCE2CD229FF000EA09D /* VaultAppAutofill */,
				1CDA9C922A057A8B00555E7A /* Products */,
				1CDA9CC12A057ADC00555E7A /* Frameworks */,
			);
			sourceTree = "<group>";
		};
		1CDA9C922A057A8B00555E7A /* Products */ = {
			isa = PBXGroup;
			children = (
				1CDA9C912A057A8B00555E7A /* VaultApp.app */,
				1CBE0CCB2CD229FF000EA09D /* VaultAppAutofill.appex */,
			);
			name = Products;
			sourceTree = "<group>";
		};
		1CDA9CC12A057ADC00555E7A /* Frameworks */ = {
			isa = PBXGroup;
			children = (
				1CBE0CCC2CD229FF000EA09D /* AuthenticationServices.framework */,
			);
			name = Frameworks;
			sourceTree = "<group>";
		};
/* End PBXGroup section */

/* Begin PBXNativeTarget section */
		1CBE0CCA2CD229FF000EA09D /* VaultAppAutofill */ = {
			isa = PBXNativeTarget;
			buildConfigurationList = 1CBE0CDD2CD229FF000EA09D /* Build configuration list for PBXNativeTarget "VaultAppAutofill" */;
			buildPhases = (
				1CBE0CC72CD229FF000EA09D /* Sources */,
				1CBE0CC82CD229FF000EA09D /* Frameworks */,
				1CBE0CC92CD229FF000EA09D /* Resources */,
			);
			buildRules = (
			);
			dependencies = (
			);
			fileSystemSynchronizedGroups = (
				1CBE0CCE2CD229FF000EA09D /* VaultAppAutofill */,
			);
			name = VaultAppAutofill;
			packageProductDependencies = (
				1C8B89F42CD3759400F3D340 /* VaultiOSAutofill */,
			);
			productName = VaultAppAutofill;
			productReference = 1CBE0CCB2CD229FF000EA09D /* VaultAppAutofill.appex */;
			productType = "com.apple.product-type.app-extension";
		};
		1CDA9C902A057A8B00555E7A /* VaultApp */ = {
			isa = PBXNativeTarget;
			buildConfigurationList = 1CDA9CB52A057A8C00555E7A /* Build configuration list for PBXNativeTarget "VaultApp" */;
			buildPhases = (
				1CDA9C8D2A057A8B00555E7A /* Sources */,
				1CDA9C8E2A057A8B00555E7A /* Frameworks */,
				1CDA9C8F2A057A8B00555E7A /* Resources */,
				1CBE0CD92CD229FF000EA09D /* Embed Foundation Extensions */,
			);
			buildRules = (
			);
			dependencies = (
				1CBE0CD72CD229FF000EA09D /* PBXTargetDependency */,
			);
			name = VaultApp;
			packageProductDependencies = (
				1C58F2F22AE5764100962BAB /* VaultiOS */,
			);
			productName = CodeManager;
			productReference = 1CDA9C912A057A8B00555E7A /* VaultApp.app */;
			productType = "com.apple.product-type.application";
		};
/* End PBXNativeTarget section */

/* Begin PBXProject section */
		1CDA9C892A057A8B00555E7A /* Project object */ = {
			isa = PBXProject;
			attributes = {
				BuildIndependentTargetsInParallel = 1;
				LastSwiftUpdateCheck = 1600;
				LastUpgradeCheck = 1500;
				TargetAttributes = {
					1CBE0CCA2CD229FF000EA09D = {
						CreatedOnToolsVersion = 16.0;
					};
					1CDA9C902A057A8B00555E7A = {
						CreatedOnToolsVersion = 14.3;
					};
				};
			};
			buildConfigurationList = 1CDA9C8C2A057A8B00555E7A /* Build configuration list for PBXProject "VaultApp" */;
			compatibilityVersion = "Xcode 14.0";
			developmentRegion = en;
			hasScannedForEncodings = 0;
			knownRegions = (
				en,
				Base,
			);
			mainGroup = 1CDA9C882A057A8B00555E7A;
			productRefGroup = 1CDA9C922A057A8B00555E7A /* Products */;
			projectDirPath = "";
			projectRoot = "";
			targets = (
				1CDA9C902A057A8B00555E7A /* VaultApp */,
				1CBE0CCA2CD229FF000EA09D /* VaultAppAutofill */,
			);
		};
/* End PBXProject section */

/* Begin PBXResourcesBuildPhase section */
		1CBE0CC92CD229FF000EA09D /* Resources */ = {
			isa = PBXResourcesBuildPhase;
			buildActionMask = 2147483647;
			files = (
			);
			runOnlyForDeploymentPostprocessing = 0;
		};
		1CDA9C8F2A057A8B00555E7A /* Resources */ = {
			isa = PBXResourcesBuildPhase;
			buildActionMask = 2147483647;
			files = (
				1C2856652ADFF39800DA4AA9 /* Preview Assets.xcassets in Resources */,
				1C1318072AD75008006F14F5 /* Assets.xcassets in Resources */,
			);
			runOnlyForDeploymentPostprocessing = 0;
		};
/* End PBXResourcesBuildPhase section */

/* Begin PBXSourcesBuildPhase section */
		1CBE0CC72CD229FF000EA09D /* Sources */ = {
			isa = PBXSourcesBuildPhase;
			buildActionMask = 2147483647;
			files = (
			);
			runOnlyForDeploymentPostprocessing = 0;
		};
		1CDA9C8D2A057A8B00555E7A /* Sources */ = {
			isa = PBXSourcesBuildPhase;
			buildActionMask = 2147483647;
			files = (
				1C45B07C2ADFE8BE00197B32 /* VaultAppMain.swift in Sources */,
			);
			runOnlyForDeploymentPostprocessing = 0;
		};
/* End PBXSourcesBuildPhase section */

/* Begin PBXTargetDependency section */
		1CBE0CD72CD229FF000EA09D /* PBXTargetDependency */ = {
			isa = PBXTargetDependency;
			target = 1CBE0CCA2CD229FF000EA09D /* VaultAppAutofill */;
			targetProxy = 1CBE0CD62CD229FF000EA09D /* PBXContainerItemProxy */;
		};
/* End PBXTargetDependency section */

/* Begin XCBuildConfiguration section */
		1CBE0CDA2CD229FF000EA09D /* Debug */ = {
			isa = XCBuildConfiguration;
			buildSettings = {
				CODE_SIGN_ENTITLEMENTS = VaultAppAutofill/VaultAppAutofill.entitlements;
				CODE_SIGN_STYLE = Automatic;
				CURRENT_PROJECT_VERSION = 10;
				DEVELOPMENT_TEAM = 442P244AFS;
				GCC_C_LANGUAGE_STANDARD = gnu17;
				GENERATE_INFOPLIST_FILE = YES;
				INFOPLIST_FILE = VaultAppAutofill/Info.plist;
				INFOPLIST_KEY_CFBundleDisplayName = "Vault Autofill";
				INFOPLIST_KEY_NSHumanReadableCopyright = "";
				IPHONEOS_DEPLOYMENT_TARGET = 18.0;
				LD_RUNPATH_SEARCH_PATHS = (
					"$(inherited)",
					"@executable_path/Frameworks",
					"@executable_path/../../Frameworks",
				);
				LOCALIZATION_PREFERS_STRING_CATALOGS = YES;
				MARKETING_VERSION = 2.0;
				PRODUCT_BUNDLE_IDENTIFIER = com.badbundle.vault.VaultAppAutofill;
				PRODUCT_NAME = "$(TARGET_NAME)";
				SKIP_INSTALL = YES;
				SWIFT_ACTIVE_COMPILATION_CONDITIONS = "DEBUG $(inherited)";
				SWIFT_EMIT_LOC_STRINGS = YES;
				SWIFT_VERSION = 5.0;
				TARGETED_DEVICE_FAMILY = "1,2";
				VERSIONING_SYSTEM = "apple-generic";
			};
			name = Debug;
		};
		1CBE0CDB2CD229FF000EA09D /* Release */ = {
			isa = XCBuildConfiguration;
			buildSettings = {
				CODE_SIGN_ENTITLEMENTS = VaultAppAutofill/VaultAppAutofill.entitlements;
				CODE_SIGN_STYLE = Automatic;
				CURRENT_PROJECT_VERSION = 10;
				DEVELOPMENT_TEAM = 442P244AFS;
				GCC_C_LANGUAGE_STANDARD = gnu17;
				GENERATE_INFOPLIST_FILE = YES;
				INFOPLIST_FILE = VaultAppAutofill/Info.plist;
				INFOPLIST_KEY_CFBundleDisplayName = "Vault Autofill";
				INFOPLIST_KEY_NSHumanReadableCopyright = "";
				IPHONEOS_DEPLOYMENT_TARGET = 18.0;
				LD_RUNPATH_SEARCH_PATHS = (
					"$(inherited)",
					"@executable_path/Frameworks",
					"@executable_path/../../Frameworks",
				);
				LOCALIZATION_PREFERS_STRING_CATALOGS = YES;
				MARKETING_VERSION = 2.0;
				PRODUCT_BUNDLE_IDENTIFIER = com.badbundle.vault.VaultAppAutofill;
				PRODUCT_NAME = "$(TARGET_NAME)";
				SKIP_INSTALL = YES;
				SWIFT_EMIT_LOC_STRINGS = YES;
				SWIFT_VERSION = 5.0;
				TARGETED_DEVICE_FAMILY = "1,2";
				VERSIONING_SYSTEM = "apple-generic";
			};
			name = Release;
		};
		1CDA9CB32A057A8C00555E7A /* Debug */ = {
			isa = XCBuildConfiguration;
			buildSettings = {
				ALWAYS_SEARCH_USER_PATHS = NO;
				ASSETCATALOG_COMPILER_GENERATE_SWIFT_ASSET_SYMBOL_EXTENSIONS = YES;
				CLANG_ANALYZER_NONNULL = YES;
				CLANG_ANALYZER_NUMBER_OBJECT_CONVERSION = YES_AGGRESSIVE;
				CLANG_CXX_LANGUAGE_STANDARD = "gnu++20";
				CLANG_ENABLE_MODULES = YES;
				CLANG_ENABLE_OBJC_ARC = YES;
				CLANG_ENABLE_OBJC_WEAK = YES;
				CLANG_WARN_BLOCK_CAPTURE_AUTORELEASING = YES;
				CLANG_WARN_BOOL_CONVERSION = YES;
				CLANG_WARN_COMMA = YES;
				CLANG_WARN_CONSTANT_CONVERSION = YES;
				CLANG_WARN_DEPRECATED_OBJC_IMPLEMENTATIONS = YES;
				CLANG_WARN_DIRECT_OBJC_ISA_USAGE = YES_ERROR;
				CLANG_WARN_DOCUMENTATION_COMMENTS = YES;
				CLANG_WARN_EMPTY_BODY = YES;
				CLANG_WARN_ENUM_CONVERSION = YES;
				CLANG_WARN_INFINITE_RECURSION = YES;
				CLANG_WARN_INT_CONVERSION = YES;
				CLANG_WARN_NON_LITERAL_NULL_CONVERSION = YES;
				CLANG_WARN_OBJC_IMPLICIT_RETAIN_SELF = YES;
				CLANG_WARN_OBJC_LITERAL_CONVERSION = YES;
				CLANG_WARN_OBJC_ROOT_CLASS = YES_ERROR;
				CLANG_WARN_QUOTED_INCLUDE_IN_FRAMEWORK_HEADER = YES;
				CLANG_WARN_RANGE_LOOP_ANALYSIS = YES;
				CLANG_WARN_STRICT_PROTOTYPES = YES;
				CLANG_WARN_SUSPICIOUS_MOVE = YES;
				CLANG_WARN_UNGUARDED_AVAILABILITY = YES_AGGRESSIVE;
				CLANG_WARN_UNREACHABLE_CODE = YES;
				CLANG_WARN__DUPLICATE_METHOD_MATCH = YES;
				COPY_PHASE_STRIP = NO;
				DEBUG_INFORMATION_FORMAT = dwarf;
				ENABLE_STRICT_OBJC_MSGSEND = YES;
				ENABLE_TESTABILITY = YES;
				ENABLE_USER_SCRIPT_SANDBOXING = YES;
				GCC_C_LANGUAGE_STANDARD = gnu11;
				GCC_DYNAMIC_NO_PIC = NO;
				GCC_NO_COMMON_BLOCKS = YES;
				GCC_OPTIMIZATION_LEVEL = 0;
				GCC_PREPROCESSOR_DEFINITIONS = (
					"DEBUG=1",
					"$(inherited)",
				);
				GCC_WARN_64_TO_32_BIT_CONVERSION = YES;
				GCC_WARN_ABOUT_RETURN_TYPE = YES_ERROR;
				GCC_WARN_UNDECLARED_SELECTOR = YES;
				GCC_WARN_UNINITIALIZED_AUTOS = YES_AGGRESSIVE;
				GCC_WARN_UNUSED_FUNCTION = YES;
				GCC_WARN_UNUSED_VARIABLE = YES;
				IPHONEOS_DEPLOYMENT_TARGET = 17.0;
				MTL_ENABLE_DEBUG_INFO = INCLUDE_SOURCE;
				MTL_FAST_MATH = YES;
				ONLY_ACTIVE_ARCH = YES;
				SDKROOT = iphoneos;
				SWIFT_ACTIVE_COMPILATION_CONDITIONS = DEBUG;
				SWIFT_OPTIMIZATION_LEVEL = "-Onone";
				VERSIONING_SYSTEM = "apple-generic";
			};
			name = Debug;
		};
		1CDA9CB42A057A8C00555E7A /* Release */ = {
			isa = XCBuildConfiguration;
			buildSettings = {
				ALWAYS_SEARCH_USER_PATHS = NO;
				ASSETCATALOG_COMPILER_GENERATE_SWIFT_ASSET_SYMBOL_EXTENSIONS = YES;
				CLANG_ANALYZER_NONNULL = YES;
				CLANG_ANALYZER_NUMBER_OBJECT_CONVERSION = YES_AGGRESSIVE;
				CLANG_CXX_LANGUAGE_STANDARD = "gnu++20";
				CLANG_ENABLE_MODULES = YES;
				CLANG_ENABLE_OBJC_ARC = YES;
				CLANG_ENABLE_OBJC_WEAK = YES;
				CLANG_WARN_BLOCK_CAPTURE_AUTORELEASING = YES;
				CLANG_WARN_BOOL_CONVERSION = YES;
				CLANG_WARN_COMMA = YES;
				CLANG_WARN_CONSTANT_CONVERSION = YES;
				CLANG_WARN_DEPRECATED_OBJC_IMPLEMENTATIONS = YES;
				CLANG_WARN_DIRECT_OBJC_ISA_USAGE = YES_ERROR;
				CLANG_WARN_DOCUMENTATION_COMMENTS = YES;
				CLANG_WARN_EMPTY_BODY = YES;
				CLANG_WARN_ENUM_CONVERSION = YES;
				CLANG_WARN_INFINITE_RECURSION = YES;
				CLANG_WARN_INT_CONVERSION = YES;
				CLANG_WARN_NON_LITERAL_NULL_CONVERSION = YES;
				CLANG_WARN_OBJC_IMPLICIT_RETAIN_SELF = YES;
				CLANG_WARN_OBJC_LITERAL_CONVERSION = YES;
				CLANG_WARN_OBJC_ROOT_CLASS = YES_ERROR;
				CLANG_WARN_QUOTED_INCLUDE_IN_FRAMEWORK_HEADER = YES;
				CLANG_WARN_RANGE_LOOP_ANALYSIS = YES;
				CLANG_WARN_STRICT_PROTOTYPES = YES;
				CLANG_WARN_SUSPICIOUS_MOVE = YES;
				CLANG_WARN_UNGUARDED_AVAILABILITY = YES_AGGRESSIVE;
				CLANG_WARN_UNREACHABLE_CODE = YES;
				CLANG_WARN__DUPLICATE_METHOD_MATCH = YES;
				COPY_PHASE_STRIP = NO;
				DEBUG_INFORMATION_FORMAT = "dwarf-with-dsym";
				ENABLE_NS_ASSERTIONS = NO;
				ENABLE_STRICT_OBJC_MSGSEND = YES;
				ENABLE_USER_SCRIPT_SANDBOXING = YES;
				GCC_C_LANGUAGE_STANDARD = gnu11;
				GCC_NO_COMMON_BLOCKS = YES;
				GCC_WARN_64_TO_32_BIT_CONVERSION = YES;
				GCC_WARN_ABOUT_RETURN_TYPE = YES_ERROR;
				GCC_WARN_UNDECLARED_SELECTOR = YES;
				GCC_WARN_UNINITIALIZED_AUTOS = YES_AGGRESSIVE;
				GCC_WARN_UNUSED_FUNCTION = YES;
				GCC_WARN_UNUSED_VARIABLE = YES;
				IPHONEOS_DEPLOYMENT_TARGET = 17.0;
				MTL_ENABLE_DEBUG_INFO = NO;
				MTL_FAST_MATH = YES;
				SDKROOT = iphoneos;
				SWIFT_COMPILATION_MODE = wholemodule;
				SWIFT_OPTIMIZATION_LEVEL = "-O";
				VALIDATE_PRODUCT = YES;
				VERSIONING_SYSTEM = "apple-generic";
			};
			name = Release;
		};
		1CDA9CB62A057A8C00555E7A /* Debug */ = {
			isa = XCBuildConfiguration;
			buildSettings = {
				ASSETCATALOG_COMPILER_APPICON_NAME = AppIcon;
				ASSETCATALOG_COMPILER_GLOBAL_ACCENT_COLOR_NAME = AccentColor;
				CODE_SIGN_ENTITLEMENTS = VaultApp/VaultApp.entitlements;
				CODE_SIGN_STYLE = Automatic;
				CURRENT_PROJECT_VERSION = 10;
				DEVELOPMENT_ASSET_PATHS = "\"VaultApp/Preview Content/\"";
				DEVELOPMENT_TEAM = 442P244AFS;
				ENABLE_PREVIEWS = YES;
				GENERATE_INFOPLIST_FILE = YES;
				INFOPLIST_FILE = VaultApp/Info.plist;
				INFOPLIST_KEY_CFBundleDisplayName = Vault;
				INFOPLIST_KEY_NSCameraUsageDescription = "Vault uses the camera to allow importing data visually, such as scanning QR codes.";
				INFOPLIST_KEY_NSFaceIDUsageDescription = "Vault uses biometrics to locally protect access to your data.";
				INFOPLIST_KEY_UIApplicationSceneManifest_Generation = YES;
				INFOPLIST_KEY_UIApplicationSupportsIndirectInputEvents = YES;
				INFOPLIST_KEY_UILaunchScreen_Generation = YES;
				INFOPLIST_KEY_UISupportedInterfaceOrientations_iPad = "UIInterfaceOrientationPortrait UIInterfaceOrientationPortraitUpsideDown UIInterfaceOrientationLandscapeLeft UIInterfaceOrientationLandscapeRight";
				INFOPLIST_KEY_UISupportedInterfaceOrientations_iPhone = "UIInterfaceOrientationPortrait UIInterfaceOrientationLandscapeLeft UIInterfaceOrientationLandscapeRight";
				IPHONEOS_DEPLOYMENT_TARGET = 18.0;
				LD_RUNPATH_SEARCH_PATHS = (
					"$(inherited)",
					"@executable_path/Frameworks",
				);
				MARKETING_VERSION = 2.0;
				PRODUCT_BUNDLE_IDENTIFIER = com.badbundle.vault;
				PRODUCT_NAME = "$(TARGET_NAME)";
				SWIFT_EMIT_LOC_STRINGS = YES;
				SWIFT_VERSION = 5.0;
				TARGETED_DEVICE_FAMILY = "1,2";
				VERSIONING_SYSTEM = "apple-generic";
			};
			name = Debug;
		};
		1CDA9CB72A057A8C00555E7A /* Release */ = {
			isa = XCBuildConfiguration;
			buildSettings = {
				ASSETCATALOG_COMPILER_APPICON_NAME = AppIcon;
				ASSETCATALOG_COMPILER_GLOBAL_ACCENT_COLOR_NAME = AccentColor;
				CODE_SIGN_ENTITLEMENTS = VaultApp/VaultApp.entitlements;
				CODE_SIGN_STYLE = Automatic;
				CURRENT_PROJECT_VERSION = 10;
				DEVELOPMENT_ASSET_PATHS = "\"VaultApp/Preview Content/\"";
				DEVELOPMENT_TEAM = 442P244AFS;
				ENABLE_PREVIEWS = YES;
				GENERATE_INFOPLIST_FILE = YES;
				INFOPLIST_FILE = VaultApp/Info.plist;
				INFOPLIST_KEY_CFBundleDisplayName = Vault;
				INFOPLIST_KEY_NSCameraUsageDescription = "Vault uses the camera to allow importing data visually, such as scanning QR codes.";
				INFOPLIST_KEY_NSFaceIDUsageDescription = "Vault uses biometrics to locally protect access to your data.";
				INFOPLIST_KEY_UIApplicationSceneManifest_Generation = YES;
				INFOPLIST_KEY_UIApplicationSupportsIndirectInputEvents = YES;
				INFOPLIST_KEY_UILaunchScreen_Generation = YES;
				INFOPLIST_KEY_UISupportedInterfaceOrientations_iPad = "UIInterfaceOrientationPortrait UIInterfaceOrientationPortraitUpsideDown UIInterfaceOrientationLandscapeLeft UIInterfaceOrientationLandscapeRight";
				INFOPLIST_KEY_UISupportedInterfaceOrientations_iPhone = "UIInterfaceOrientationPortrait UIInterfaceOrientationLandscapeLeft UIInterfaceOrientationLandscapeRight";
				IPHONEOS_DEPLOYMENT_TARGET = 18.0;
				LD_RUNPATH_SEARCH_PATHS = (
					"$(inherited)",
					"@executable_path/Frameworks",
				);
				MARKETING_VERSION = 2.0;
				PRODUCT_BUNDLE_IDENTIFIER = com.badbundle.vault;
				PRODUCT_NAME = "$(TARGET_NAME)";
				SWIFT_EMIT_LOC_STRINGS = YES;
				SWIFT_VERSION = 5.0;
				TARGETED_DEVICE_FAMILY = "1,2";
				VERSIONING_SYSTEM = "apple-generic";
			};
			name = Release;
		};
/* End XCBuildConfiguration section */

/* Begin XCConfigurationList section */
		1CBE0CDD2CD229FF000EA09D /* Build configuration list for PBXNativeTarget "VaultAppAutofill" */ = {
			isa = XCConfigurationList;
			buildConfigurations = (
				1CBE0CDA2CD229FF000EA09D /* Debug */,
				1CBE0CDB2CD229FF000EA09D /* Release */,
			);
			defaultConfigurationIsVisible = 0;
			defaultConfigurationName = Release;
		};
		1CDA9C8C2A057A8B00555E7A /* Build configuration list for PBXProject "VaultApp" */ = {
			isa = XCConfigurationList;
			buildConfigurations = (
				1CDA9CB32A057A8C00555E7A /* Debug */,
				1CDA9CB42A057A8C00555E7A /* Release */,
			);
			defaultConfigurationIsVisible = 0;
			defaultConfigurationName = Release;
		};
		1CDA9CB52A057A8C00555E7A /* Build configuration list for PBXNativeTarget "VaultApp" */ = {
			isa = XCConfigurationList;
			buildConfigurations = (
				1CDA9CB62A057A8C00555E7A /* Debug */,
				1CDA9CB72A057A8C00555E7A /* Release */,
			);
			defaultConfigurationIsVisible = 0;
			defaultConfigurationName = Release;
		};
/* End XCConfigurationList section */

/* Begin XCSwiftPackageProductDependency section */
		1C58F2F22AE5764100962BAB /* VaultiOS */ = {
			isa = XCSwiftPackageProductDependency;
			productName = VaultiOS;
		};
		1C8B89F42CD3759400F3D340 /* VaultiOSAutofill */ = {
			isa = XCSwiftPackageProductDependency;
			productName = VaultiOSAutofill;
		};
/* End XCSwiftPackageProductDependency section */
	};
	rootObject = 1CDA9C892A057A8B00555E7A /* Project object */;
}
