{
  "pins" : [
    {
      "identity" : "bigint",
      "kind" : "remoteSourceControl",
      "location" : "https://github.com/attaswift/BigInt.git",
      "state" : {
        "revision" : "0ed110f7555c34ff468e72e1686e59721f2b0da6",
        "version" : "5.3.0"
      }
    },
    {
      "identity" : "cryptoswift",
      "kind" : "remoteSourceControl",
      "location" : "https://github.com/krzyzanowskim/CryptoSwift",
      "state" : {
        "revision" : "db51c407d3be4a051484a141bf0bff36c43d3b1e",
        "version" : "1.8.0"
      }
    },
    {
      "identity" : "simpletoast",
      "kind" : "remoteSourceControl",
      "location" : "https://github.com/sanzaru/SimpleToast.git",
      "state" : {
        "revision" : "8dbc2e7c33cda25c0b2efafd59716cb9820c83eb",
        "version" : "0.8.1"
      }
    },
    {
      "identity" : "swift-argument-parser",
      "kind" : "remoteSourceControl",
      "location" : "https://github.com/apple/swift-argument-parser",
      "state" : {
        "revision" : "8f4d2753f0e4778c76d5f05ad16c74f707390531",
        "version" : "1.2.3"
      }
    },
    {
      "identity" : "swift-snapshot-testing",
      "kind" : "remoteSourceControl",
      "location" : "https://github.com/pointfreeco/swift-snapshot-testing",
      "state" : {
        "revision" : "bb0ea08db8e73324fe6c3727f755ca41a23ff2f4",
        "version" : "1.14.2"
      }
    },
    {
      "identity" : "swift-spyable",
      "kind" : "remoteSourceControl",
      "location" : "https://github.com/Matejkob/swift-spyable",
      "state" : {
        "revision" : "52acf5a7d058db635dc877067edc1babb3053d75",
        "version" : "0.2.1"
      }
    },
    {
      "identity" : "swift-syntax",
      "kind" : "remoteSourceControl",
      "location" : "https://github.com/apple/swift-syntax.git",
      "state" : {
        "revision" : "74203046135342e4a4a627476dd6caf8b28fe11b",
        "version" : "509.0.0"
      }
    },
    {
      "identity" : "viewinspector",
      "kind" : "remoteSourceControl",
      "location" : "https://github.com/nalexn/ViewInspector",
      "state" : {
        "revision" : "07c090d73e0169c342a4ed46e9010be2781eca1e",
        "version" : "0.9.8"
      }
    }
  ],
  "version" : 2
}
