// !$*UTF8*$!
{
	archiveVersion = 1;
	classes = {
	};
	objectVersion = 56;
	objects = {

/* Begin PBXBuildFile section */
		1C58F2872A07E0F3005A7DF5 /* CodeDetailView.swift in Sources */ = {isa = PBXBuildFile; fileRef = 1C58F2862A07E0F3005A7DF5 /* CodeDetailView.swift */; };
		1C58F28A2A07E212005A7DF5 /* CodeStoreFake.swift in Sources */ = {isa = PBXBuildFile; fileRef = 1C58F2892A07E212005A7DF5 /* CodeStoreFake.swift */; };
		1CB9912A2A845999002D24A7 /* CodeAddView.swift in Sources */ = {isa = PBXBuildFile; fileRef = 1CB991292A845999002D24A7 /* CodeAddView.swift */; };
		1CB9912C2A8459F2002D24A7 /* CodeSettingsView.swift in Sources */ = {isa = PBXBuildFile; fileRef = 1CB9912B2A8459F2002D24A7 /* CodeSettingsView.swift */; };
		1CDA9C952A057A8B00555E7A /* CodeManagerApp.swift in Sources */ = {isa = PBXBuildFile; fileRef = 1CDA9C942A057A8B00555E7A /* CodeManagerApp.swift */; };
		1CDA9C972A057A8B00555E7A /* CodeListView.swift in Sources */ = {isa = PBXBuildFile; fileRef = 1CDA9C962A057A8B00555E7A /* CodeListView.swift */; };
		1CDA9C992A057A8C00555E7A /* Assets.xcassets in Resources */ = {isa = PBXBuildFile; fileRef = 1CDA9C982A057A8C00555E7A /* Assets.xcassets */; };
		1CDA9C9C2A057A8C00555E7A /* Preview Assets.xcassets in Resources */ = {isa = PBXBuildFile; fileRef = 1CDA9C9B2A057A8C00555E7A /* Preview Assets.xcassets */; };
		1CDA9CA62A057A8C00555E7A /* CodeManagerTests.swift in Sources */ = {isa = PBXBuildFile; fileRef = 1CDA9CA52A057A8C00555E7A /* CodeManagerTests.swift */; };
		1CE682E82A0909A2009FB3A1 /* OTPFeediOS in Frameworks */ = {isa = PBXBuildFile; productRef = 1CE682E72A0909A2009FB3A1 /* OTPFeediOS */; };
/* End PBXBuildFile section */

/* Begin PBXContainerItemProxy section */
		1CDA9CA22A057A8C00555E7A /* PBXContainerItemProxy */ = {
			isa = PBXContainerItemProxy;
			containerPortal = 1CDA9C892A057A8B00555E7A /* Project object */;
			proxyType = 1;
			remoteGlobalIDString = 1CDA9C902A057A8B00555E7A;
			remoteInfo = CodeManager;
		};
/* End PBXContainerItemProxy section */

/* Begin PBXFileReference section */
		1C58F2862A07E0F3005A7DF5 /* CodeDetailView.swift */ = {isa = PBXFileReference; lastKnownFileType = sourcecode.swift; path = CodeDetailView.swift; sourceTree = "<group>"; };
		1C58F2892A07E212005A7DF5 /* CodeStoreFake.swift */ = {isa = PBXFileReference; lastKnownFileType = sourcecode.swift; path = CodeStoreFake.swift; sourceTree = "<group>"; };
		1CB991292A845999002D24A7 /* CodeAddView.swift */ = {isa = PBXFileReference; lastKnownFileType = sourcecode.swift; path = CodeAddView.swift; sourceTree = "<group>"; };
		1CB9912B2A8459F2002D24A7 /* CodeSettingsView.swift */ = {isa = PBXFileReference; lastKnownFileType = sourcecode.swift; path = CodeSettingsView.swift; sourceTree = "<group>"; };
		1CDA9C912A057A8B00555E7A /* CodeManager.app */ = {isa = PBXFileReference; explicitFileType = wrapper.application; includeInIndex = 0; path = CodeManager.app; sourceTree = BUILT_PRODUCTS_DIR; };
		1CDA9C942A057A8B00555E7A /* CodeManagerApp.swift */ = {isa = PBXFileReference; lastKnownFileType = sourcecode.swift; path = CodeManagerApp.swift; sourceTree = "<group>"; };
		1CDA9C962A057A8B00555E7A /* CodeListView.swift */ = {isa = PBXFileReference; lastKnownFileType = sourcecode.swift; path = CodeListView.swift; sourceTree = "<group>"; };
		1CDA9C982A057A8C00555E7A /* Assets.xcassets */ = {isa = PBXFileReference; lastKnownFileType = folder.assetcatalog; path = Assets.xcassets; sourceTree = "<group>"; };
		1CDA9C9B2A057A8C00555E7A /* Preview Assets.xcassets */ = {isa = PBXFileReference; lastKnownFileType = folder.assetcatalog; path = "Preview Assets.xcassets"; sourceTree = "<group>"; };
		1CDA9CA12A057A8C00555E7A /* CodeManagerTests.xctest */ = {isa = PBXFileReference; explicitFileType = wrapper.cfbundle; includeInIndex = 0; path = CodeManagerTests.xctest; sourceTree = BUILT_PRODUCTS_DIR; };
		1CDA9CA52A057A8C00555E7A /* CodeManagerTests.swift */ = {isa = PBXFileReference; lastKnownFileType = sourcecode.swift; path = CodeManagerTests.swift; sourceTree = "<group>"; };
/* End PBXFileReference section */

/* Begin PBXFrameworksBuildPhase section */
		1CDA9C8E2A057A8B00555E7A /* Frameworks */ = {
			isa = PBXFrameworksBuildPhase;
			buildActionMask = 2147483647;
			files = (
				1CE682E82A0909A2009FB3A1 /* OTPFeediOS in Frameworks */,
			);
			runOnlyForDeploymentPostprocessing = 0;
		};
		1CDA9C9E2A057A8C00555E7A /* Frameworks */ = {
			isa = PBXFrameworksBuildPhase;
			buildActionMask = 2147483647;
			files = (
			);
			runOnlyForDeploymentPostprocessing = 0;
		};
/* End PBXFrameworksBuildPhase section */

/* Begin PBXGroup section */
		1C58F2882A07E20B005A7DF5 /* Mocks */ = {
			isa = PBXGroup;
			children = (
				1C58F2892A07E212005A7DF5 /* CodeStoreFake.swift */,
			);
			path = Mocks;
			sourceTree = "<group>";
		};
		1CDA9C882A057A8B00555E7A = {
			isa = PBXGroup;
			children = (
				1CDA9C932A057A8B00555E7A /* CodeManager */,
				1CDA9CA42A057A8C00555E7A /* CodeManagerTests */,
				1CDA9C922A057A8B00555E7A /* Products */,
				1CDA9CC12A057ADC00555E7A /* Frameworks */,
			);
			sourceTree = "<group>";
		};
		1CDA9C922A057A8B00555E7A /* Products */ = {
			isa = PBXGroup;
			children = (
				1CDA9C912A057A8B00555E7A /* CodeManager.app */,
				1CDA9CA12A057A8C00555E7A /* CodeManagerTests.xctest */,
			);
			name = Products;
			sourceTree = "<group>";
		};
		1CDA9C932A057A8B00555E7A /* CodeManager */ = {
			isa = PBXGroup;
			children = (
				1CDA9C942A057A8B00555E7A /* CodeManagerApp.swift */,
				1CDA9C962A057A8B00555E7A /* CodeListView.swift */,
				1CB991292A845999002D24A7 /* CodeAddView.swift */,
				1CB9912B2A8459F2002D24A7 /* CodeSettingsView.swift */,
				1C58F2862A07E0F3005A7DF5 /* CodeDetailView.swift */,
				1C58F2882A07E20B005A7DF5 /* Mocks */,
				1CDA9C982A057A8C00555E7A /* Assets.xcassets */,
				1CDA9C9A2A057A8C00555E7A /* Preview Content */,
			);
			path = CodeManager;
			sourceTree = "<group>";
		};
		1CDA9C9A2A057A8C00555E7A /* Preview Content */ = {
			isa = PBXGroup;
			children = (
				1CDA9C9B2A057A8C00555E7A /* Preview Assets.xcassets */,
			);
			path = "Preview Content";
			sourceTree = "<group>";
		};
		1CDA9CA42A057A8C00555E7A /* CodeManagerTests */ = {
			isa = PBXGroup;
			children = (
				1CDA9CA52A057A8C00555E7A /* CodeManagerTests.swift */,
			);
			path = CodeManagerTests;
			sourceTree = "<group>";
		};
		1CDA9CC12A057ADC00555E7A /* Frameworks */ = {
			isa = PBXGroup;
			children = (
			);
			name = Frameworks;
			sourceTree = "<group>";
		};
/* End PBXGroup section */

/* Begin PBXNativeTarget section */
		1CDA9C902A057A8B00555E7A /* CodeManager */ = {
			isa = PBXNativeTarget;
			buildConfigurationList = 1CDA9CB52A057A8C00555E7A /* Build configuration list for PBXNativeTarget "CodeManager" */;
			buildPhases = (
				1CDA9C8D2A057A8B00555E7A /* Sources */,
				1CDA9C8E2A057A8B00555E7A /* Frameworks */,
				1CDA9C8F2A057A8B00555E7A /* Resources */,
			);
			buildRules = (
			);
			dependencies = (
			);
			name = CodeManager;
			packageProductDependencies = (
				1CE682E72A0909A2009FB3A1 /* OTPFeediOS */,
			);
			productName = CodeManager;
			productReference = 1CDA9C912A057A8B00555E7A /* CodeManager.app */;
			productType = "com.apple.product-type.application";
		};
		1CDA9CA02A057A8C00555E7A /* CodeManagerTests */ = {
			isa = PBXNativeTarget;
			buildConfigurationList = 1CDA9CB82A057A8C00555E7A /* Build configuration list for PBXNativeTarget "CodeManagerTests" */;
			buildPhases = (
				1CDA9C9D2A057A8C00555E7A /* Sources */,
				1CDA9C9E2A057A8C00555E7A /* Frameworks */,
				1CDA9C9F2A057A8C00555E7A /* Resources */,
			);
			buildRules = (
			);
			dependencies = (
				1CDA9CA32A057A8C00555E7A /* PBXTargetDependency */,
			);
			name = CodeManagerTests;
			productName = CodeManagerTests;
			productReference = 1CDA9CA12A057A8C00555E7A /* CodeManagerTests.xctest */;
			productType = "com.apple.product-type.bundle.unit-test";
		};
/* End PBXNativeTarget section */

/* Begin PBXProject section */
		1CDA9C892A057A8B00555E7A /* Project object */ = {
			isa = PBXProject;
			attributes = {
				BuildIndependentTargetsInParallel = 1;
				LastSwiftUpdateCheck = 1430;
				LastUpgradeCheck = 1430;
				TargetAttributes = {
					1CDA9C902A057A8B00555E7A = {
						CreatedOnToolsVersion = 14.3;
					};
					1CDA9CA02A057A8C00555E7A = {
						CreatedOnToolsVersion = 14.3;
						TestTargetID = 1CDA9C902A057A8B00555E7A;
					};
				};
			};
			buildConfigurationList = 1CDA9C8C2A057A8B00555E7A /* Build configuration list for PBXProject "CodeManager" */;
			compatibilityVersion = "Xcode 14.0";
			developmentRegion = en;
			hasScannedForEncodings = 0;
			knownRegions = (
				en,
				Base,
			);
			mainGroup = 1CDA9C882A057A8B00555E7A;
			productRefGroup = 1CDA9C922A057A8B00555E7A /* Products */;
			projectDirPath = "";
			projectRoot = "";
			targets = (
				1CDA9C902A057A8B00555E7A /* CodeManager */,
				1CDA9CA02A057A8C00555E7A /* CodeManagerTests */,
			);
		};
/* End PBXProject section */

/* Begin PBXResourcesBuildPhase section */
		1CDA9C8F2A057A8B00555E7A /* Resources */ = {
			isa = PBXResourcesBuildPhase;
			buildActionMask = 2147483647;
			files = (
				1CDA9C9C2A057A8C00555E7A /* Preview Assets.xcassets in Resources */,
				1CDA9C992A057A8C00555E7A /* Assets.xcassets in Resources */,
			);
			runOnlyForDeploymentPostprocessing = 0;
		};
		1CDA9C9F2A057A8C00555E7A /* Resources */ = {
			isa = PBXResourcesBuildPhase;
			buildActionMask = 2147483647;
			files = (
			);
			runOnlyForDeploymentPostprocessing = 0;
		};
/* End PBXResourcesBuildPhase section */

/* Begin PBXSourcesBuildPhase section */
		1CDA9C8D2A057A8B00555E7A /* Sources */ = {
			isa = PBXSourcesBuildPhase;
			buildActionMask = 2147483647;
			files = (
				1C58F28A2A07E212005A7DF5 /* CodeStoreFake.swift in Sources */,
				1CB9912A2A845999002D24A7 /* CodeAddView.swift in Sources */,
				1C58F2872A07E0F3005A7DF5 /* CodeDetailView.swift in Sources */,
				1CB9912C2A8459F2002D24A7 /* CodeSettingsView.swift in Sources */,
				1CDA9C972A057A8B00555E7A /* CodeListView.swift in Sources */,
				1CDA9C952A057A8B00555E7A /* CodeManagerApp.swift in Sources */,
			);
			runOnlyForDeploymentPostprocessing = 0;
		};
		1CDA9C9D2A057A8C00555E7A /* Sources */ = {
			isa = PBXSourcesBuildPhase;
			buildActionMask = 2147483647;
			files = (
				1CDA9CA62A057A8C00555E7A /* CodeManagerTests.swift in Sources */,
			);
			runOnlyForDeploymentPostprocessing = 0;
		};
/* End PBXSourcesBuildPhase section */

/* Begin PBXTargetDependency section */
		1CDA9CA32A057A8C00555E7A /* PBXTargetDependency */ = {
			isa = PBXTargetDependency;
			target = 1CDA9C902A057A8B00555E7A /* CodeManager */;
			targetProxy = 1CDA9CA22A057A8C00555E7A /* PBXContainerItemProxy */;
		};
/* End PBXTargetDependency section */

/* Begin XCBuildConfiguration section */
		1CDA9CB32A057A8C00555E7A /* Debug */ = {
			isa = XCBuildConfiguration;
			buildSettings = {
				ALWAYS_SEARCH_USER_PATHS = NO;
				CLANG_ANALYZER_NONNULL = YES;
				CLANG_ANALYZER_NUMBER_OBJECT_CONVERSION = YES_AGGRESSIVE;
				CLANG_CXX_LANGUAGE_STANDARD = "gnu++20";
				CLANG_ENABLE_MODULES = YES;
				CLANG_ENABLE_OBJC_ARC = YES;
				CLANG_ENABLE_OBJC_WEAK = YES;
				CLANG_WARN_BLOCK_CAPTURE_AUTORELEASING = YES;
				CLANG_WARN_BOOL_CONVERSION = YES;
				CLANG_WARN_COMMA = YES;
				CLANG_WARN_CONSTANT_CONVERSION = YES;
				CLANG_WARN_DEPRECATED_OBJC_IMPLEMENTATIONS = YES;
				CLANG_WARN_DIRECT_OBJC_ISA_USAGE = YES_ERROR;
				CLANG_WARN_DOCUMENTATION_COMMENTS = YES;
				CLANG_WARN_EMPTY_BODY = YES;
				CLANG_WARN_ENUM_CONVERSION = YES;
				CLANG_WARN_INFINITE_RECURSION = YES;
				CLANG_WARN_INT_CONVERSION = YES;
				CLANG_WARN_NON_LITERAL_NULL_CONVERSION = YES;
				CLANG_WARN_OBJC_IMPLICIT_RETAIN_SELF = YES;
				CLANG_WARN_OBJC_LITERAL_CONVERSION = YES;
				CLANG_WARN_OBJC_ROOT_CLASS = YES_ERROR;
				CLANG_WARN_QUOTED_INCLUDE_IN_FRAMEWORK_HEADER = YES;
				CLANG_WARN_RANGE_LOOP_ANALYSIS = YES;
				CLANG_WARN_STRICT_PROTOTYPES = YES;
				CLANG_WARN_SUSPICIOUS_MOVE = YES;
				CLANG_WARN_UNGUARDED_AVAILABILITY = YES_AGGRESSIVE;
				CLANG_WARN_UNREACHABLE_CODE = YES;
				CLANG_WARN__DUPLICATE_METHOD_MATCH = YES;
				COPY_PHASE_STRIP = NO;
				DEBUG_INFORMATION_FORMAT = dwarf;
				ENABLE_STRICT_OBJC_MSGSEND = YES;
				ENABLE_TESTABILITY = YES;
				GCC_C_LANGUAGE_STANDARD = gnu11;
				GCC_DYNAMIC_NO_PIC = NO;
				GCC_NO_COMMON_BLOCKS = YES;
				GCC_OPTIMIZATION_LEVEL = 0;
				GCC_PREPROCESSOR_DEFINITIONS = (
					"DEBUG=1",
					"$(inherited)",
				);
				GCC_WARN_64_TO_32_BIT_CONVERSION = YES;
				GCC_WARN_ABOUT_RETURN_TYPE = YES_ERROR;
				GCC_WARN_UNDECLARED_SELECTOR = YES;
				GCC_WARN_UNINITIALIZED_AUTOS = YES_AGGRESSIVE;
				GCC_WARN_UNUSED_FUNCTION = YES;
				GCC_WARN_UNUSED_VARIABLE = YES;
				IPHONEOS_DEPLOYMENT_TARGET = 16.4;
				MTL_ENABLE_DEBUG_INFO = INCLUDE_SOURCE;
				MTL_FAST_MATH = YES;
				ONLY_ACTIVE_ARCH = YES;
				SDKROOT = iphoneos;
				SWIFT_ACTIVE_COMPILATION_CONDITIONS = DEBUG;
				SWIFT_OPTIMIZATION_LEVEL = "-Onone";
			};
			name = Debug;
		};
		1CDA9CB42A057A8C00555E7A /* Release */ = {
			isa = XCBuildConfiguration;
			buildSettings = {
				ALWAYS_SEARCH_USER_PATHS = NO;
				CLANG_ANALYZER_NONNULL = YES;
				CLANG_ANALYZER_NUMBER_OBJECT_CONVERSION = YES_AGGRESSIVE;
				CLANG_CXX_LANGUAGE_STANDARD = "gnu++20";
				CLANG_ENABLE_MODULES = YES;
				CLANG_ENABLE_OBJC_ARC = YES;
				CLANG_ENABLE_OBJC_WEAK = YES;
				CLANG_WARN_BLOCK_CAPTURE_AUTORELEASING = YES;
				CLANG_WARN_BOOL_CONVERSION = YES;
				CLANG_WARN_COMMA = YES;
				CLANG_WARN_CONSTANT_CONVERSION = YES;
				CLANG_WARN_DEPRECATED_OBJC_IMPLEMENTATIONS = YES;
				CLANG_WARN_DIRECT_OBJC_ISA_USAGE = YES_ERROR;
				CLANG_WARN_DOCUMENTATION_COMMENTS = YES;
				CLANG_WARN_EMPTY_BODY = YES;
				CLANG_WARN_ENUM_CONVERSION = YES;
				CLANG_WARN_INFINITE_RECURSION = YES;
				CLANG_WARN_INT_CONVERSION = YES;
				CLANG_WARN_NON_LITERAL_NULL_CONVERSION = YES;
				CLANG_WARN_OBJC_IMPLICIT_RETAIN_SELF = YES;
				CLANG_WARN_OBJC_LITERAL_CONVERSION = YES;
				CLANG_WARN_OBJC_ROOT_CLASS = YES_ERROR;
				CLANG_WARN_QUOTED_INCLUDE_IN_FRAMEWORK_HEADER = YES;
				CLANG_WARN_RANGE_LOOP_ANALYSIS = YES;
				CLANG_WARN_STRICT_PROTOTYPES = YES;
				CLANG_WARN_SUSPICIOUS_MOVE = YES;
				CLANG_WARN_UNGUARDED_AVAILABILITY = YES_AGGRESSIVE;
				CLANG_WARN_UNREACHABLE_CODE = YES;
				CLANG_WARN__DUPLICATE_METHOD_MATCH = YES;
				COPY_PHASE_STRIP = NO;
				DEBUG_INFORMATION_FORMAT = "dwarf-with-dsym";
				ENABLE_NS_ASSERTIONS = NO;
				ENABLE_STRICT_OBJC_MSGSEND = YES;
				GCC_C_LANGUAGE_STANDARD = gnu11;
				GCC_NO_COMMON_BLOCKS = YES;
				GCC_WARN_64_TO_32_BIT_CONVERSION = YES;
				GCC_WARN_ABOUT_RETURN_TYPE = YES_ERROR;
				GCC_WARN_UNDECLARED_SELECTOR = YES;
				GCC_WARN_UNINITIALIZED_AUTOS = YES_AGGRESSIVE;
				GCC_WARN_UNUSED_FUNCTION = YES;
				GCC_WARN_UNUSED_VARIABLE = YES;
				IPHONEOS_DEPLOYMENT_TARGET = 16.4;
				MTL_ENABLE_DEBUG_INFO = NO;
				MTL_FAST_MATH = YES;
				SDKROOT = iphoneos;
				SWIFT_COMPILATION_MODE = wholemodule;
				SWIFT_OPTIMIZATION_LEVEL = "-O";
				VALIDATE_PRODUCT = YES;
			};
			name = Release;
		};
		1CDA9CB62A057A8C00555E7A /* Debug */ = {
			isa = XCBuildConfiguration;
			buildSettings = {
				ASSETCATALOG_COMPILER_APPICON_NAME = AppIcon;
				ASSETCATALOG_COMPILER_GLOBAL_ACCENT_COLOR_NAME = AccentColor;
				CODE_SIGN_STYLE = Automatic;
				CURRENT_PROJECT_VERSION = 1;
				DEVELOPMENT_ASSET_PATHS = "\"CodeManager/Preview Content\"";
				DEVELOPMENT_TEAM = U2GCDMVV7S;
				ENABLE_PREVIEWS = YES;
				GENERATE_INFOPLIST_FILE = YES;
				INFOPLIST_KEY_UIApplicationSceneManifest_Generation = YES;
				INFOPLIST_KEY_UIApplicationSupportsIndirectInputEvents = YES;
				INFOPLIST_KEY_UILaunchScreen_Generation = YES;
				INFOPLIST_KEY_UISupportedInterfaceOrientations_iPad = "UIInterfaceOrientationPortrait UIInterfaceOrientationPortraitUpsideDown UIInterfaceOrientationLandscapeLeft UIInterfaceOrientationLandscapeRight";
				INFOPLIST_KEY_UISupportedInterfaceOrientations_iPhone = "UIInterfaceOrientationPortrait UIInterfaceOrientationLandscapeLeft UIInterfaceOrientationLandscapeRight";
				LD_RUNPATH_SEARCH_PATHS = (
					"$(inherited)",
					"@executable_path/Frameworks",
				);
				MARKETING_VERSION = 1.0;
				PRODUCT_BUNDLE_IDENTIFIER = com.bradleymackey.CodeManager;
				PRODUCT_NAME = "$(TARGET_NAME)";
				SWIFT_EMIT_LOC_STRINGS = YES;
				SWIFT_VERSION = 5.0;
				TARGETED_DEVICE_FAMILY = "1,2";
			};
			name = Debug;
		};
		1CDA9CB72A057A8C00555E7A /* Release */ = {
			isa = XCBuildConfiguration;
			buildSettings = {
				ASSETCATALOG_COMPILER_APPICON_NAME = AppIcon;
				ASSETCATALOG_COMPILER_GLOBAL_ACCENT_COLOR_NAME = AccentColor;
				CODE_SIGN_STYLE = Automatic;
				CURRENT_PROJECT_VERSION = 1;
				DEVELOPMENT_ASSET_PATHS = "\"CodeManager/Preview Content\"";
				DEVELOPMENT_TEAM = U2GCDMVV7S;
				ENABLE_PREVIEWS = YES;
				GENERATE_INFOPLIST_FILE = YES;
				INFOPLIST_KEY_UIApplicationSceneManifest_Generation = YES;
				INFOPLIST_KEY_UIApplicationSupportsIndirectInputEvents = YES;
				INFOPLIST_KEY_UILaunchScreen_Generation = YES;
				INFOPLIST_KEY_UISupportedInterfaceOrientations_iPad = "UIInterfaceOrientationPortrait UIInterfaceOrientationPortraitUpsideDown UIInterfaceOrientationLandscapeLeft UIInterfaceOrientationLandscapeRight";
				INFOPLIST_KEY_UISupportedInterfaceOrientations_iPhone = "UIInterfaceOrientationPortrait UIInterfaceOrientationLandscapeLeft UIInterfaceOrientationLandscapeRight";
				LD_RUNPATH_SEARCH_PATHS = (
					"$(inherited)",
					"@executable_path/Frameworks",
				);
				MARKETING_VERSION = 1.0;
				PRODUCT_BUNDLE_IDENTIFIER = com.bradleymackey.CodeManager;
				PRODUCT_NAME = "$(TARGET_NAME)";
				SWIFT_EMIT_LOC_STRINGS = YES;
				SWIFT_VERSION = 5.0;
				TARGETED_DEVICE_FAMILY = "1,2";
			};
			name = Release;
		};
		1CDA9CB92A057A8C00555E7A /* Debug */ = {
			isa = XCBuildConfiguration;
			buildSettings = {
				ALWAYS_EMBED_SWIFT_STANDARD_LIBRARIES = YES;
				BUNDLE_LOADER = "$(TEST_HOST)";
				CODE_SIGN_STYLE = Automatic;
				CURRENT_PROJECT_VERSION = 1;
				DEVELOPMENT_TEAM = U2GCDMVV7S;
				GENERATE_INFOPLIST_FILE = YES;
				IPHONEOS_DEPLOYMENT_TARGET = 16.4;
				MARKETING_VERSION = 1.0;
				PRODUCT_BUNDLE_IDENTIFIER = com.bradleymackey.CodeManagerTests;
				PRODUCT_NAME = "$(TARGET_NAME)";
				SWIFT_EMIT_LOC_STRINGS = NO;
				SWIFT_VERSION = 5.0;
				TARGETED_DEVICE_FAMILY = "1,2";
				TEST_HOST = "$(BUILT_PRODUCTS_DIR)/CodeManager.app/$(BUNDLE_EXECUTABLE_FOLDER_PATH)/CodeManager";
			};
			name = Debug;
		};
		1CDA9CBA2A057A8C00555E7A /* Release */ = {
			isa = XCBuildConfiguration;
			buildSettings = {
				ALWAYS_EMBED_SWIFT_STANDARD_LIBRARIES = YES;
				BUNDLE_LOADER = "$(TEST_HOST)";
				CODE_SIGN_STYLE = Automatic;
				CURRENT_PROJECT_VERSION = 1;
				DEVELOPMENT_TEAM = U2GCDMVV7S;
				GENERATE_INFOPLIST_FILE = YES;
				IPHONEOS_DEPLOYMENT_TARGET = 16.4;
				MARKETING_VERSION = 1.0;
				PRODUCT_BUNDLE_IDENTIFIER = com.bradleymackey.CodeManagerTests;
				PRODUCT_NAME = "$(TARGET_NAME)";
				SWIFT_EMIT_LOC_STRINGS = NO;
				SWIFT_VERSION = 5.0;
				TARGETED_DEVICE_FAMILY = "1,2";
				TEST_HOST = "$(BUILT_PRODUCTS_DIR)/CodeManager.app/$(BUNDLE_EXECUTABLE_FOLDER_PATH)/CodeManager";
			};
			name = Release;
		};
/* End XCBuildConfiguration section */

/* Begin XCConfigurationList section */
		1CDA9C8C2A057A8B00555E7A /* Build configuration list for PBXProject "CodeManager" */ = {
			isa = XCConfigurationList;
			buildConfigurations = (
				1CDA9CB32A057A8C00555E7A /* Debug */,
				1CDA9CB42A057A8C00555E7A /* Release */,
			);
			defaultConfigurationIsVisible = 0;
			defaultConfigurationName = Release;
		};
		1CDA9CB52A057A8C00555E7A /* Build configuration list for PBXNativeTarget "CodeManager" */ = {
			isa = XCConfigurationList;
			buildConfigurations = (
				1CDA9CB62A057A8C00555E7A /* Debug */,
				1CDA9CB72A057A8C00555E7A /* Release */,
			);
			defaultConfigurationIsVisible = 0;
			defaultConfigurationName = Release;
		};
		1CDA9CB82A057A8C00555E7A /* Build configuration list for PBXNativeTarget "CodeManagerTests" */ = {
			isa = XCConfigurationList;
			buildConfigurations = (
				1CDA9CB92A057A8C00555E7A /* Debug */,
				1CDA9CBA2A057A8C00555E7A /* Release */,
			);
			defaultConfigurationIsVisible = 0;
			defaultConfigurationName = Release;
		};
/* End XCConfigurationList section */

/* Begin XCSwiftPackageProductDependency section */
		1CE682E72A0909A2009FB3A1 /* OTPFeediOS */ = {
			isa = XCSwiftPackageProductDependency;
			productName = OTPFeediOS;
		};
/* End XCSwiftPackageProductDependency section */
	};
	rootObject = 1CDA9C892A057A8B00555E7A /* Project object */;
}
